
Microsoft Visual Studio Solution File, Format Version 12.00
# Visual Studio 2013
VisualStudioVersion = 12.0.31101.0
MinimumVisualStudioVersion = 10.0.40219.1
Project("{2150E333-8FDC-42A3-9474-1A3956D46DE8}") = "Build", "Build", "{805059EC-6CC4-418B-B0ED-E40A21145526}"
	ProjectSection(SolutionItems) = preProject
		..\test\build.cake = ..\test\build.cake
	EndProjectSection
EndProject
Project("{2150E333-8FDC-42A3-9474-1A3956D46DE8}") = "Tests", "Tests", "{307216F2-D982-4935-8BF1-842114D14545}"
EndProject
Project("{FAE04EC0-301F-11D3-BF4B-00C04F79EFBC}") = "Cake.WebDeploy.TestSite", "WebDeploy.TestSite\Cake.WebDeploy.TestSite.csproj", "{DDDE4ED0-11D5-4D1D-86D0-3B0C7409294C}"
EndProject
Global
	GlobalSection(SolutionConfigurationPlatforms) = preSolution
		Debug|Any CPU = Debug|Any CPU
		Release|Any CPU = Release|Any CPU
	EndGlobalSection
	GlobalSection(ProjectConfigurationPlatforms) = postSolution
		{DDDE4ED0-11D5-4D1D-86D0-3B0C7409294C}.Debug|Any CPU.ActiveCfg = Debug|Any CPU
		{DDDE4ED0-11D5-4D1D-86D0-3B0C7409294C}.Debug|Any CPU.Build.0 = Debug|Any CPU
		{DDDE4ED0-11D5-4D1D-86D0-3B0C7409294C}.Release|Any CPU.ActiveCfg = Release|Any CPU
		{DDDE4ED0-11D5-4D1D-86D0-3B0C7409294C}.Release|Any CPU.Build.0 = Release|Any CPU
	EndGlobalSection
	GlobalSection(SolutionProperties) = preSolution
		HideSolutionNode = FALSE
	EndGlobalSection
	GlobalSection(NestedProjects) = preSolution
		{DDDE4ED0-11D5-4D1D-86D0-3B0C7409294C} = {307216F2-D982-4935-8BF1-842114D14545}
	EndGlobalSection
EndGlobal
